
Microsoft Visual Studio Solution File, Format Version 12.00
# Visual Studio Version 16
VisualStudioVersion = 16.0.29519.87
MinimumVisualStudioVersion = 10.0.40219.1
Project("{9A19103F-16F7-4668-BE54-9A1E7A4F7556}") = "TourReservationAPI", "TourReservationAPI\TourReservationAPI.csproj", "{38C49233-D351-4992-B647-CDD92C7018A1}"
EndProject
Global
	GlobalSection(SolutionConfigurationPlatforms) = preSolution
		Debug|Any CPU = Debug|Any CPU
		Release|Any CPU = Release|Any CPU
	EndGlobalSection
	GlobalSection(ProjectConfigurationPlatforms) = postSolution
		{38C49233-D351-4992-B647-CDD92C7018A1}.Debug|Any CPU.ActiveCfg = Debug|Any CPU
		{38C49233-D351-4992-B647-CDD92C7018A1}.Debug|Any CPU.Build.0 = Debug|Any CPU
		{38C49233-D351-4992-B647-CDD92C7018A1}.Release|Any CPU.ActiveCfg = Release|Any CPU
		{38C49233-D351-4992-B647-CDD92C7018A1}.Release|Any CPU.Build.0 = Release|Any CPU
	EndGlobalSection
	GlobalSection(SolutionProperties) = preSolution
		HideSolutionNode = FALSE
	EndGlobalSection
	GlobalSection(ExtensibilityGlobals) = postSolution
		SolutionGuid = {9B4E13D8-20F8-4BFE-9809-B5CF2929B9F0}
	EndGlobalSection
EndGlobal
